
Microsoft Visual Studio Solution File, Format Version 12.00
Project("{FAE04EC0-301F-11D3-BF4B-00C04F79EFBC}") = "PizzaOrders.API", "PizzaOrders.API\PizzaOrders.API.csproj", "{0F3C5AD4-8BD3-4882-9D1C-D52BF833EAD9}"
EndProject
Project("{FAE04EC0-301F-11D3-BF4B-00C04F79EFBC}") = "PizzaOrders.Application", "PizzaOrders.Application\PizzaOrders.Application.csproj", "{B9CA53E5-C1A0-4171-886B-2553D934828D}"
EndProject
Project("{FAE04EC0-301F-11D3-BF4B-00C04F79EFBC}") = "PizzaOrders.Domain", "PizzaOrders.Domain\PizzaOrders.Domain.csproj", "{9D607110-F1A4-47B9-8C18-85A1D6D1AC2C}"
EndProject
Project("{FAE04EC0-301F-11D3-BF4B-00C04F79EFBC}") = "PizzaOrders.Infrastructure", "PizzaOrders.Infrastructure\PizzaOrders.Infrastructure.csproj", "{6294460C-D6F2-4AB1-9406-3DC2A0B05467}"
EndProject
Project("{FAE04EC0-301F-11D3-BF4B-00C04F79EFBC}") = "PizzaOrders.Tests", "PizzaOrders.Tests\PizzaOrders.Tests.csproj", "{885F0528-43E9-4A5E-B0AD-A3C3F8E30742}"
EndProject
Project("{FAE04EC0-301F-11D3-BF4B-00C04F79EFBC}") = "PizzaOrders.AppHost", "PizzaOrders.AppHost\PizzaOrders.AppHost.csproj", "{164EDDB6-0392-4030-B922-BE9EB552C930}"
EndProject
Project("{FAE04EC0-301F-11D3-BF4B-00C04F79EFBC}") = "PizzaOrders.ServiceDefaults", "PizzaOrders.ServiceDefaults\PizzaOrders.ServiceDefaults.csproj", "{0424C510-FD47-4CC5-8E5D-5C830B19C7FA}"
EndProject
Global
	GlobalSection(SolutionConfigurationPlatforms) = preSolution
		Debug|Any CPU = Debug|Any CPU
		Debug|x64 = Debug|x64
		Debug|x86 = Debug|x86
		Release|Any CPU = Release|Any CPU
		Release|x64 = Release|x64
		Release|x86 = Release|x86
	EndGlobalSection
	GlobalSection(ProjectConfigurationPlatforms) = postSolution
		{0F3C5AD4-8BD3-4882-9D1C-D52BF833EAD9}.Debug|Any CPU.ActiveCfg = Debug|Any CPU
		{0F3C5AD4-8BD3-4882-9D1C-D52BF833EAD9}.Debug|Any CPU.Build.0 = Debug|Any CPU
		{0F3C5AD4-8BD3-4882-9D1C-D52BF833EAD9}.Debug|x64.ActiveCfg = Debug|Any CPU
		{0F3C5AD4-8BD3-4882-9D1C-D52BF833EAD9}.Debug|x64.Build.0 = Debug|Any CPU
		{0F3C5AD4-8BD3-4882-9D1C-D52BF833EAD9}.Debug|x86.ActiveCfg = Debug|Any CPU
		{0F3C5AD4-8BD3-4882-9D1C-D52BF833EAD9}.Debug|x86.Build.0 = Debug|Any CPU
		{0F3C5AD4-8BD3-4882-9D1C-D52BF833EAD9}.Release|Any CPU.ActiveCfg = Release|Any CPU
		{0F3C5AD4-8BD3-4882-9D1C-D52BF833EAD9}.Release|Any CPU.Build.0 = Release|Any CPU
		{0F3C5AD4-8BD3-4882-9D1C-D52BF833EAD9}.Release|x64.ActiveCfg = Release|Any CPU
		{0F3C5AD4-8BD3-4882-9D1C-D52BF833EAD9}.Release|x64.Build.0 = Release|Any CPU
		{0F3C5AD4-8BD3-4882-9D1C-D52BF833EAD9}.Release|x86.ActiveCfg = Release|Any CPU
		{0F3C5AD4-8BD3-4882-9D1C-D52BF833EAD9}.Release|x86.Build.0 = Release|Any CPU
		{B9CA53E5-C1A0-4171-886B-2553D934828D}.Debug|Any CPU.ActiveCfg = Debug|Any CPU
		{B9CA53E5-C1A0-4171-886B-2553D934828D}.Debug|Any CPU.Build.0 = Debug|Any CPU
		{B9CA53E5-C1A0-4171-886B-2553D934828D}.Debug|x64.ActiveCfg = Debug|Any CPU
		{B9CA53E5-C1A0-4171-886B-2553D934828D}.Debug|x64.Build.0 = Debug|Any CPU
		{B9CA53E5-C1A0-4171-886B-2553D934828D}.Debug|x86.ActiveCfg = Debug|Any CPU
		{B9CA53E5-C1A0-4171-886B-2553D934828D}.Debug|x86.Build.0 = Debug|Any CPU
		{B9CA53E5-C1A0-4171-886B-2553D934828D}.Release|Any CPU.ActiveCfg = Release|Any CPU
		{B9CA53E5-C1A0-4171-886B-2553D934828D}.Release|Any CPU.Build.0 = Release|Any CPU
		{B9CA53E5-C1A0-4171-886B-2553D934828D}.Release|x64.ActiveCfg = Release|Any CPU
		{B9CA53E5-C1A0-4171-886B-2553D934828D}.Release|x64.Build.0 = Release|Any CPU
		{B9CA53E5-C1A0-4171-886B-2553D934828D}.Release|x86.ActiveCfg = Release|Any CPU
		{B9CA53E5-C1A0-4171-886B-2553D934828D}.Release|x86.Build.0 = Release|Any CPU
		{9D607110-F1A4-47B9-8C18-85A1D6D1AC2C}.Debug|Any CPU.ActiveCfg = Debug|Any CPU
		{9D607110-F1A4-47B9-8C18-85A1D6D1AC2C}.Debug|Any CPU.Build.0 = Debug|Any CPU
		{9D607110-F1A4-47B9-8C18-85A1D6D1AC2C}.Debug|x64.ActiveCfg = Debug|Any CPU
		{9D607110-F1A4-47B9-8C18-85A1D6D1AC2C}.Debug|x64.Build.0 = Debug|Any CPU
		{9D607110-F1A4-47B9-8C18-85A1D6D1AC2C}.Debug|x86.ActiveCfg = Debug|Any CPU
		{9D607110-F1A4-47B9-8C18-85A1D6D1AC2C}.Debug|x86.Build.0 = Debug|Any CPU
		{9D607110-F1A4-47B9-8C18-85A1D6D1AC2C}.Release|Any CPU.ActiveCfg = Release|Any CPU
		{9D607110-F1A4-47B9-8C18-85A1D6D1AC2C}.Release|Any CPU.Build.0 = Release|Any CPU
		{9D607110-F1A4-47B9-8C18-85A1D6D1AC2C}.Release|x64.ActiveCfg = Release|Any CPU
		{9D607110-F1A4-47B9-8C18-85A1D6D1AC2C}.Release|x64.Build.0 = Release|Any CPU
		{9D607110-F1A4-47B9-8C18-85A1D6D1AC2C}.Release|x86.ActiveCfg = Release|Any CPU
		{9D607110-F1A4-47B9-8C18-85A1D6D1AC2C}.Release|x86.Build.0 = Release|Any CPU
		{6294460C-D6F2-4AB1-9406-3DC2A0B05467}.Debug|Any CPU.ActiveCfg = Debug|Any CPU
		{6294460C-D6F2-4AB1-9406-3DC2A0B05467}.Debug|Any CPU.Build.0 = Debug|Any CPU
		{6294460C-D6F2-4AB1-9406-3DC2A0B05467}.Debug|x64.ActiveCfg = Debug|Any CPU
		{6294460C-D6F2-4AB1-9406-3DC2A0B05467}.Debug|x64.Build.0 = Debug|Any CPU
		{6294460C-D6F2-4AB1-9406-3DC2A0B05467}.Debug|x86.ActiveCfg = Debug|Any CPU
		{6294460C-D6F2-4AB1-9406-3DC2A0B05467}.Debug|x86.Build.0 = Debug|Any CPU
		{6294460C-D6F2-4AB1-9406-3DC2A0B05467}.Release|Any CPU.ActiveCfg = Release|Any CPU
		{6294460C-D6F2-4AB1-9406-3DC2A0B05467}.Release|Any CPU.Build.0 = Release|Any CPU
		{6294460C-D6F2-4AB1-9406-3DC2A0B05467}.Release|x64.ActiveCfg = Release|Any CPU
		{6294460C-D6F2-4AB1-9406-3DC2A0B05467}.Release|x64.Build.0 = Release|Any CPU
		{6294460C-D6F2-4AB1-9406-3DC2A0B05467}.Release|x86.ActiveCfg = Release|Any CPU
		{6294460C-D6F2-4AB1-9406-3DC2A0B05467}.Release|x86.Build.0 = Release|Any CPU
		{885F0528-43E9-4A5E-B0AD-A3C3F8E30742}.Debug|Any CPU.ActiveCfg = Debug|Any CPU
		{885F0528-43E9-4A5E-B0AD-A3C3F8E30742}.Debug|Any CPU.Build.0 = Debug|Any CPU
		{885F0528-43E9-4A5E-B0AD-A3C3F8E30742}.Debug|x64.ActiveCfg = Debug|Any CPU
		{885F0528-43E9-4A5E-B0AD-A3C3F8E30742}.Debug|x64.Build.0 = Debug|Any CPU
		{885F0528-43E9-4A5E-B0AD-A3C3F8E30742}.Debug|x86.ActiveCfg = Debug|Any CPU
		{885F0528-43E9-4A5E-B0AD-A3C3F8E30742}.Debug|x86.Build.0 = Debug|Any CPU
		{885F0528-43E9-4A5E-B0AD-A3C3F8E30742}.Release|Any CPU.ActiveCfg = Release|Any CPU
		{885F0528-43E9-4A5E-B0AD-A3C3F8E30742}.Release|Any CPU.Build.0 = Release|Any CPU
		{885F0528-43E9-4A5E-B0AD-A3C3F8E30742}.Release|x64.ActiveCfg = Release|Any CPU
		{885F0528-43E9-4A5E-B0AD-A3C3F8E30742}.Release|x64.Build.0 = Release|Any CPU
		{885F0528-43E9-4A5E-B0AD-A3C3F8E30742}.Release|x86.ActiveCfg = Release|Any CPU
		{885F0528-43E9-4A5E-B0AD-A3C3F8E30742}.Release|x86.Build.0 = Release|Any CPU
		{164EDDB6-0392-4030-B922-BE9EB552C930}.Debug|Any CPU.ActiveCfg = Debug|Any CPU
		{164EDDB6-0392-4030-B922-BE9EB552C930}.Debug|Any CPU.Build.0 = Debug|Any CPU
		{164EDDB6-0392-4030-B922-BE9EB552C930}.Debug|x64.ActiveCfg = Debug|Any CPU
		{164EDDB6-0392-4030-B922-BE9EB552C930}.Debug|x64.Build.0 = Debug|Any CPU
		{164EDDB6-0392-4030-B922-BE9EB552C930}.Debug|x86.ActiveCfg = Debug|Any CPU
		{164EDDB6-0392-4030-B922-BE9EB552C930}.Debug|x86.Build.0 = Debug|Any CPU
		{164EDDB6-0392-4030-B922-BE9EB552C930}.Release|Any CPU.ActiveCfg = Release|Any CPU
		{164EDDB6-0392-4030-B922-BE9EB552C930}.Release|Any CPU.Build.0 = Release|Any CPU
		{164EDDB6-0392-4030-B922-BE9EB552C930}.Release|x64.ActiveCfg = Release|Any CPU
		{164EDDB6-0392-4030-B922-BE9EB552C930}.Release|x64.Build.0 = Release|Any CPU
		{164EDDB6-0392-4030-B922-BE9EB552C930}.Release|x86.ActiveCfg = Release|Any CPU
		{164EDDB6-0392-4030-B922-BE9EB552C930}.Release|x86.Build.0 = Release|Any CPU
		{0424C510-FD47-4CC5-8E5D-5C830B19C7FA}.Debug|Any CPU.ActiveCfg = Debug|Any CPU
		{0424C510-FD47-4CC5-8E5D-5C830B19C7FA}.Debug|Any CPU.Build.0 = Debug|Any CPU
		{0424C510-FD47-4CC5-8E5D-5C830B19C7FA}.Debug|x64.ActiveCfg = Debug|Any CPU
		{0424C510-FD47-4CC5-8E5D-5C830B19C7FA}.Debug|x64.Build.0 = Debug|Any CPU
		{0424C510-FD47-4CC5-8E5D-5C830B19C7FA}.Debug|x86.ActiveCfg = Debug|Any CPU
		{0424C510-FD47-4CC5-8E5D-5C830B19C7FA}.Debug|x86.Build.0 = Debug|Any CPU
		{0424C510-FD47-4CC5-8E5D-5C830B19C7FA}.Release|Any CPU.ActiveCfg = Release|Any CPU
		{0424C510-FD47-4CC5-8E5D-5C830B19C7FA}.Release|Any CPU.Build.0 = Release|Any CPU
		{0424C510-FD47-4CC5-8E5D-5C830B19C7FA}.Release|x64.ActiveCfg = Release|Any CPU
		{0424C510-FD47-4CC5-8E5D-5C830B19C7FA}.Release|x64.Build.0 = Release|Any CPU
		{0424C510-FD47-4CC5-8E5D-5C830B19C7FA}.Release|x86.ActiveCfg = Release|Any CPU
		{0424C510-FD47-4CC5-8E5D-5C830B19C7FA}.Release|x86.Build.0 = Release|Any CPU
	EndGlobalSection
	GlobalSection(SolutionProperties) = preSolution
		HideSolutionNode = FALSE
	EndGlobalSection
EndGlobal
